
Microsoft Visual Studio Solution File, Format Version 12.00
# Visual Studio Version 17
VisualStudioVersion = 17.7.34024.191
MinimumVisualStudioVersion = 10.0.40219.1
Project("{FAE04EC0-301F-11D3-BF4B-00C04F79EFBC}") = "Server", "ClientServerApp\Server.csproj", "{2C0C04C5-EDD2-43C2-AD23-0E7DCA01136C}"
EndProject
Project("{FAE04EC0-301F-11D3-BF4B-00C04F79EFBC}") = "Client", "Client\Client.csproj", "{67CCB8C2-B89F-4311-83DF-A7050150D111}"
EndProject
Global
	GlobalSection(SolutionConfigurationPlatforms) = preSolution
		Debug|Any CPU = Debug|Any CPU
		Release|Any CPU = Release|Any CPU
	EndGlobalSection
	GlobalSection(ProjectConfigurationPlatforms) = postSolution
		{2C0C04C5-EDD2-43C2-AD23-0E7DCA01136C}.Debug|Any CPU.ActiveCfg = Debug|Any CPU
		{2C0C04C5-EDD2-43C2-AD23-0E7DCA01136C}.Debug|Any CPU.Build.0 = Debug|Any CPU
		{2C0C04C5-EDD2-43C2-AD23-0E7DCA01136C}.Release|Any CPU.ActiveCfg = Release|Any CPU
		{2C0C04C5-EDD2-43C2-AD23-0E7DCA01136C}.Release|Any CPU.Build.0 = Release|Any CPU
		{67CCB8C2-B89F-4311-83DF-A7050150D111}.Debug|Any CPU.ActiveCfg = Debug|Any CPU
		{67CCB8C2-B89F-4311-83DF-A7050150D111}.Debug|Any CPU.Build.0 = Debug|Any CPU
		{67CCB8C2-B89F-4311-83DF-A7050150D111}.Release|Any CPU.ActiveCfg = Release|Any CPU
		{67CCB8C2-B89F-4311-83DF-A7050150D111}.Release|Any CPU.Build.0 = Release|Any CPU
	EndGlobalSection
	GlobalSection(SolutionProperties) = preSolution
		HideSolutionNode = FALSE
	EndGlobalSection
	GlobalSection(ExtensibilityGlobals) = postSolution
		SolutionGuid = {53393A2F-6843-456A-A398-A2C0C35B3A09}
	EndGlobalSection
EndGlobal
